# Auto-generated by scripts/build-rust.sh — do not edit by hand.
repo:      https://github.com/edwardkim/rhwp.git
commit:    62a458aa317e962cd3d0eec6096728c172d57110
built_at:  2026-05-08T07:37:08Z
artifact:  libhwp_ffi.a
sha256:    879a6c6b04f529b641c7df77a43561d679540556d9f56b6459a6cd1cb7a3e571
size:      42882584
