# Auto-generated by scripts/build-rust.sh — do not edit by hand.
repo:      https://github.com/edwardkim/rhwp.git
commit:    03351190ec35436e58cbfee0aa9278a8fdc04a59
built_at:  2026-07-03T17:10:23Z
artifact:  libhwp_ffi.a
archs:     x86_64 arm64
sha256:    45d817b67499331449036db052e0ead8a9085d49681c1096681a701e17f7cbb1
size:      117800000
