# Auto-generated by scripts/build-rust.sh — do not edit by hand.
repo:      https://github.com/edwardkim/rhwp.git
commit:    033617e23847982135c02091a62f55031a3817b5
built_at:  2026-04-28T06:14:42Z
artifact:  libhwp_ffi.a
sha256:    a4459cd185c6a977ee7d183bf4b011758667c5fd82bfdca11c287017a31a555e
size:      41112152
